
Microsoft Visual Studio Solution File, Format Version 12.00
# Visual Studio Version 17
VisualStudioVersion = 17.7.34221.43
MinimumVisualStudioVersion = 10.0.40219.1
Project("{FAE04EC0-301F-11D3-BF4B-00C04F79EFBC}") = "Manipulation_Data_Jagged_Array", "Manipulation_Data_Jagged_Array\Manipulation_Data_Jagged_Array.csproj", "{2FDEC81F-8CB6-4866-BF48-DAF003CB0D43}"
EndProject
Global
	GlobalSection(SolutionConfigurationPlatforms) = preSolution
		Debug|Any CPU = Debug|Any CPU
		Release|Any CPU = Release|Any CPU
	EndGlobalSection
	GlobalSection(ProjectConfigurationPlatforms) = postSolution
		{2FDEC81F-8CB6-4866-BF48-DAF003CB0D43}.Debug|Any CPU.ActiveCfg = Debug|Any CPU
		{2FDEC81F-8CB6-4866-BF48-DAF003CB0D43}.Debug|Any CPU.Build.0 = Debug|Any CPU
		{2FDEC81F-8CB6-4866-BF48-DAF003CB0D43}.Release|Any CPU.ActiveCfg = Release|Any CPU
		{2FDEC81F-8CB6-4866-BF48-DAF003CB0D43}.Release|Any CPU.Build.0 = Release|Any CPU
	EndGlobalSection
	GlobalSection(SolutionProperties) = preSolution
		HideSolutionNode = FALSE
	EndGlobalSection
	GlobalSection(ExtensibilityGlobals) = postSolution
		SolutionGuid = {325CC07B-E310-49C7-9025-F24A3EC3C72F}
	EndGlobalSection
EndGlobal
